
Microsoft Visual Studio Solution File, Format Version 12.00
# Visual Studio Version 17
VisualStudioVersion = 17.8.34330.188
MinimumVisualStudioVersion = 10.0.40219.1
Project("{9A19103F-16F7-4668-BE54-9A1E7A4F7556}") = "Motorcenter.Data", "Motorcenter.Data\Motorcenter.Data.csproj", "{525B6D49-0B94-4BB7-AD93-0818A65C196B}"
EndProject
Project("{9A19103F-16F7-4668-BE54-9A1E7A4F7556}") = "Motorcenter.Data.Shared", "Motorcenter.Data.Shared\Motorcenter.Data.Shared.csproj", "{C69D2BB9-1A67-4EA8-A45C-927D82412E8C}"
EndProject
Project("{9A19103F-16F7-4668-BE54-9A1E7A4F7556}") = "Motorcenter.API.Type", "Motorcenter.API.VehicleType\Motorcenter.API.Type.csproj", "{DD5323B9-5958-4E09-B56E-20A0E80222EB}"
EndProject
Project("{9A19103F-16F7-4668-BE54-9A1E7A4F7556}") = "Motorcenter.API.DTO", "Motorcenter.API.DTO\Motorcenter.API.DTO.csproj", "{15C394EE-A3EC-48E5-91D4-A05793F8857E}"
EndProject
Project("{9A19103F-16F7-4668-BE54-9A1E7A4F7556}") = "Motorcenter.API.Extensions", "MotorCenter.API.Extensions\Motorcenter.API.Extensions.csproj", "{2474C906-7371-4066-81FF-EECAC7F61CC6}"
EndProject
Project("{9A19103F-16F7-4668-BE54-9A1E7A4F7556}") = "Motorcenter.API.Vehicle", "Motorcenter.API.Products\Motorcenter.API.Vehicle.csproj", "{4709B291-9060-4780-AD62-3D83DCB02BD2}"
EndProject
Project("{9A19103F-16F7-4668-BE54-9A1E7A4F7556}") = "Motorcenter.API.Filter", "Motorcenter.API.Filter\Motorcenter.API.Filter.csproj", "{748EA883-B72B-4522-8BD2-45240F4291B6}"
EndProject
Project("{9A19103F-16F7-4668-BE54-9A1E7A4F7556}") = "Motorcenter.UI.Models", "Motorcenter.UI.Models\Motorcenter.UI.Models.csproj", "{02CC43F1-F236-4C94-BC27-C59E1BD67D4F}"
EndProject
Project("{9A19103F-16F7-4668-BE54-9A1E7A4F7556}") = "Motorcenter.UI", "Motorcenter.UI\Motorcenter.UI.csproj", "{4C9151FD-6191-40DD-BA1B-DE75C10CFED6}"
EndProject
Global
	GlobalSection(SolutionConfigurationPlatforms) = preSolution
		Debug|Any CPU = Debug|Any CPU
		Release|Any CPU = Release|Any CPU
	EndGlobalSection
	GlobalSection(ProjectConfigurationPlatforms) = postSolution
		{525B6D49-0B94-4BB7-AD93-0818A65C196B}.Debug|Any CPU.ActiveCfg = Debug|Any CPU
		{525B6D49-0B94-4BB7-AD93-0818A65C196B}.Debug|Any CPU.Build.0 = Debug|Any CPU
		{525B6D49-0B94-4BB7-AD93-0818A65C196B}.Release|Any CPU.ActiveCfg = Release|Any CPU
		{525B6D49-0B94-4BB7-AD93-0818A65C196B}.Release|Any CPU.Build.0 = Release|Any CPU
		{C69D2BB9-1A67-4EA8-A45C-927D82412E8C}.Debug|Any CPU.ActiveCfg = Debug|Any CPU
		{C69D2BB9-1A67-4EA8-A45C-927D82412E8C}.Debug|Any CPU.Build.0 = Debug|Any CPU
		{C69D2BB9-1A67-4EA8-A45C-927D82412E8C}.Release|Any CPU.ActiveCfg = Release|Any CPU
		{C69D2BB9-1A67-4EA8-A45C-927D82412E8C}.Release|Any CPU.Build.0 = Release|Any CPU
		{DD5323B9-5958-4E09-B56E-20A0E80222EB}.Debug|Any CPU.ActiveCfg = Debug|Any CPU
		{DD5323B9-5958-4E09-B56E-20A0E80222EB}.Debug|Any CPU.Build.0 = Debug|Any CPU
		{DD5323B9-5958-4E09-B56E-20A0E80222EB}.Release|Any CPU.ActiveCfg = Release|Any CPU
		{DD5323B9-5958-4E09-B56E-20A0E80222EB}.Release|Any CPU.Build.0 = Release|Any CPU
		{15C394EE-A3EC-48E5-91D4-A05793F8857E}.Debug|Any CPU.ActiveCfg = Debug|Any CPU
		{15C394EE-A3EC-48E5-91D4-A05793F8857E}.Debug|Any CPU.Build.0 = Debug|Any CPU
		{15C394EE-A3EC-48E5-91D4-A05793F8857E}.Release|Any CPU.ActiveCfg = Release|Any CPU
		{15C394EE-A3EC-48E5-91D4-A05793F8857E}.Release|Any CPU.Build.0 = Release|Any CPU
		{2474C906-7371-4066-81FF-EECAC7F61CC6}.Debug|Any CPU.ActiveCfg = Debug|Any CPU
		{2474C906-7371-4066-81FF-EECAC7F61CC6}.Debug|Any CPU.Build.0 = Debug|Any CPU
		{2474C906-7371-4066-81FF-EECAC7F61CC6}.Release|Any CPU.ActiveCfg = Release|Any CPU
		{2474C906-7371-4066-81FF-EECAC7F61CC6}.Release|Any CPU.Build.0 = Release|Any CPU
		{4709B291-9060-4780-AD62-3D83DCB02BD2}.Debug|Any CPU.ActiveCfg = Debug|Any CPU
		{4709B291-9060-4780-AD62-3D83DCB02BD2}.Debug|Any CPU.Build.0 = Debug|Any CPU
		{4709B291-9060-4780-AD62-3D83DCB02BD2}.Release|Any CPU.ActiveCfg = Release|Any CPU
		{4709B291-9060-4780-AD62-3D83DCB02BD2}.Release|Any CPU.Build.0 = Release|Any CPU
		{748EA883-B72B-4522-8BD2-45240F4291B6}.Debug|Any CPU.ActiveCfg = Debug|Any CPU
		{748EA883-B72B-4522-8BD2-45240F4291B6}.Debug|Any CPU.Build.0 = Debug|Any CPU
		{748EA883-B72B-4522-8BD2-45240F4291B6}.Release|Any CPU.ActiveCfg = Release|Any CPU
		{748EA883-B72B-4522-8BD2-45240F4291B6}.Release|Any CPU.Build.0 = Release|Any CPU
		{02CC43F1-F236-4C94-BC27-C59E1BD67D4F}.Debug|Any CPU.ActiveCfg = Debug|Any CPU
		{02CC43F1-F236-4C94-BC27-C59E1BD67D4F}.Debug|Any CPU.Build.0 = Debug|Any CPU
		{02CC43F1-F236-4C94-BC27-C59E1BD67D4F}.Release|Any CPU.ActiveCfg = Release|Any CPU
		{02CC43F1-F236-4C94-BC27-C59E1BD67D4F}.Release|Any CPU.Build.0 = Release|Any CPU
		{4C9151FD-6191-40DD-BA1B-DE75C10CFED6}.Debug|Any CPU.ActiveCfg = Debug|Any CPU
		{4C9151FD-6191-40DD-BA1B-DE75C10CFED6}.Debug|Any CPU.Build.0 = Debug|Any CPU
		{4C9151FD-6191-40DD-BA1B-DE75C10CFED6}.Release|Any CPU.ActiveCfg = Release|Any CPU
		{4C9151FD-6191-40DD-BA1B-DE75C10CFED6}.Release|Any CPU.Build.0 = Release|Any CPU
	EndGlobalSection
	GlobalSection(SolutionProperties) = preSolution
		HideSolutionNode = FALSE
	EndGlobalSection
	GlobalSection(ExtensibilityGlobals) = postSolution
		SolutionGuid = {E564A026-176E-4F45-A534-640DA1AAEFA3}
	EndGlobalSection
EndGlobal
